// !$*UTF8*$!
{
	archiveVersion = 1;
	classes = {
	};
	objectVersion = 56;
	objects = {

/* Begin PBXBuildFile section */
		D77B1C1B2B66885700D1FCAE /* SnapKit in Frameworks */ = {isa = PBXBuildFile; productRef = D77B1C1A2B66885700D1FCAE /* SnapKit */; };
		D7864C4A2B53F6AB00675744 /* Class.swift in Sources */ = {isa = PBXBuildFile; fileRef = D7864C492B53F6AB00675744 /* Class.swift */; };
		D7C811D62B515E58002D7CDD /* FirstVC.swift in Sources */ = {isa = PBXBuildFile; fileRef = D7C811D52B515E58002D7CDD /* FirstVC.swift */; };
		D7CF23822AD994D4007FDE79 /* AppDelegate.swift in Sources */ = {isa = PBXBuildFile; fileRef = D7CF23812AD994D4007FDE79 /* AppDelegate.swift */; };
		D7CF23842AD994D4007FDE79 /* SceneDelegate.swift in Sources */ = {isa = PBXBuildFile; fileRef = D7CF23832AD994D4007FDE79 /* SceneDelegate.swift */; };
		D7CF23862AD994D4007FDE79 /* ViewController.swift in Sources */ = {isa = PBXBuildFile; fileRef = D7CF23852AD994D4007FDE79 /* ViewController.swift */; };
		D7CF23892AD994D4007FDE79 /* Main.storyboard in Resources */ = {isa = PBXBuildFile; fileRef = D7CF23872AD994D4007FDE79 /* Main.storyboard */; };
		D7CF238B2AD994D7007FDE79 /* Assets.xcassets in Resources */ = {isa = PBXBuildFile; fileRef = D7CF238A2AD994D7007FDE79 /* Assets.xcassets */; };
		D7CF238E2AD994D7007FDE79 /* LaunchScreen.storyboard in Resources */ = {isa = PBXBuildFile; fileRef = D7CF238C2AD994D7007FDE79 /* LaunchScreen.storyboard */; };
		D7CF23992AD994D7007FDE79 /* _______Tests.swift in Sources */ = {isa = PBXBuildFile; fileRef = D7CF23982AD994D7007FDE79 /* _______Tests.swift */; };
		D7CF23A32AD994D7007FDE79 /* _______UITests.swift in Sources */ = {isa = PBXBuildFile; fileRef = D7CF23A22AD994D7007FDE79 /* _______UITests.swift */; };
		D7CF23A52AD994D7007FDE79 /* _______UITestsLaunchTests.swift in Sources */ = {isa = PBXBuildFile; fileRef = D7CF23A42AD994D7007FDE79 /* _______UITestsLaunchTests.swift */; };
/* End PBXBuildFile section */

/* Begin PBXContainerItemProxy section */
		D7CF23952AD994D7007FDE79 /* PBXContainerItemProxy */ = {
			isa = PBXContainerItemProxy;
			containerPortal = D7CF23762AD994D4007FDE79 /* Project object */;
			proxyType = 1;
			remoteGlobalIDString = D7CF237D2AD994D4007FDE79;
			remoteInfo = "Высотка";
		};
		D7CF239F2AD994D7007FDE79 /* PBXContainerItemProxy */ = {
			isa = PBXContainerItemProxy;
			containerPortal = D7CF23762AD994D4007FDE79 /* Project object */;
			proxyType = 1;
			remoteGlobalIDString = D7CF237D2AD994D4007FDE79;
			remoteInfo = "Высотка";
		};
/* End PBXContainerItemProxy section */

/* Begin PBXFileReference section */
		D7864C492B53F6AB00675744 /* Class.swift */ = {isa = PBXFileReference; lastKnownFileType = sourcecode.swift; path = Class.swift; sourceTree = "<group>"; };
		D7C811D52B515E58002D7CDD /* FirstVC.swift */ = {isa = PBXFileReference; lastKnownFileType = sourcecode.swift; path = FirstVC.swift; sourceTree = "<group>"; };
		D7CF237E2AD994D4007FDE79 /* Высотка.app */ = {isa = PBXFileReference; explicitFileType = wrapper.application; includeInIndex = 0; path = "Высотка.app"; sourceTree = BUILT_PRODUCTS_DIR; };
		D7CF23812AD994D4007FDE79 /* AppDelegate.swift */ = {isa = PBXFileReference; lastKnownFileType = sourcecode.swift; path = AppDelegate.swift; sourceTree = "<group>"; };
		D7CF23832AD994D4007FDE79 /* SceneDelegate.swift */ = {isa = PBXFileReference; lastKnownFileType = sourcecode.swift; path = SceneDelegate.swift; sourceTree = "<group>"; };
		D7CF23852AD994D4007FDE79 /* ViewController.swift */ = {isa = PBXFileReference; lastKnownFileType = sourcecode.swift; path = ViewController.swift; sourceTree = "<group>"; };
		D7CF23882AD994D4007FDE79 /* Base */ = {isa = PBXFileReference; lastKnownFileType = file.storyboard; name = Base; path = Base.lproj/Main.storyboard; sourceTree = "<group>"; };
		D7CF238A2AD994D7007FDE79 /* Assets.xcassets */ = {isa = PBXFileReference; lastKnownFileType = folder.assetcatalog; path = Assets.xcassets; sourceTree = "<group>"; };
		D7CF238D2AD994D7007FDE79 /* Base */ = {isa = PBXFileReference; lastKnownFileType = file.storyboard; name = Base; path = Base.lproj/LaunchScreen.storyboard; sourceTree = "<group>"; };
		D7CF238F2AD994D7007FDE79 /* Info.plist */ = {isa = PBXFileReference; lastKnownFileType = text.plist.xml; path = Info.plist; sourceTree = "<group>"; };
		D7CF23942AD994D7007FDE79 /* ВысоткаTests.xctest */ = {isa = PBXFileReference; explicitFileType = wrapper.cfbundle; includeInIndex = 0; path = "ВысоткаTests.xctest"; sourceTree = BUILT_PRODUCTS_DIR; };
		D7CF23982AD994D7007FDE79 /* _______Tests.swift */ = {isa = PBXFileReference; lastKnownFileType = sourcecode.swift; path = "_______Tests.swift"; sourceTree = "<group>"; };
		D7CF239E2AD994D7007FDE79 /* ВысоткаUITests.xctest */ = {isa = PBXFileReference; explicitFileType = wrapper.cfbundle; includeInIndex = 0; path = "ВысоткаUITests.xctest"; sourceTree = BUILT_PRODUCTS_DIR; };
		D7CF23A22AD994D7007FDE79 /* _______UITests.swift */ = {isa = PBXFileReference; lastKnownFileType = sourcecode.swift; path = "_______UITests.swift"; sourceTree = "<group>"; };
		D7CF23A42AD994D7007FDE79 /* _______UITestsLaunchTests.swift */ = {isa = PBXFileReference; lastKnownFileType = sourcecode.swift; path = "_______UITestsLaunchTests.swift"; sourceTree = "<group>"; };
/* End PBXFileReference section */

/* Begin PBXFrameworksBuildPhase section */
		D7CF237B2AD994D4007FDE79 /* Frameworks */ = {
			isa = PBXFrameworksBuildPhase;
			buildActionMask = 2147483647;
			files = (
				D77B1C1B2B66885700D1FCAE /* SnapKit in Frameworks */,
			);
			runOnlyForDeploymentPostprocessing = 0;
		};
		D7CF23912AD994D7007FDE79 /* Frameworks */ = {
			isa = PBXFrameworksBuildPhase;
			buildActionMask = 2147483647;
			files = (
			);
			runOnlyForDeploymentPostprocessing = 0;
		};
		D7CF239B2AD994D7007FDE79 /* Frameworks */ = {
			isa = PBXFrameworksBuildPhase;
			buildActionMask = 2147483647;
			files = (
			);
			runOnlyForDeploymentPostprocessing = 0;
		};
/* End PBXFrameworksBuildPhase section */

/* Begin PBXGroup section */
		D7CF23752AD994D4007FDE79 = {
			isa = PBXGroup;
			children = (
				D7CF23802AD994D4007FDE79 /* Высотка */,
				D7CF23972AD994D7007FDE79 /* ВысоткаTests */,
				D7CF23A12AD994D7007FDE79 /* ВысоткаUITests */,
				D7CF237F2AD994D4007FDE79 /* Products */,
			);
			sourceTree = "<group>";
		};
		D7CF237F2AD994D4007FDE79 /* Products */ = {
			isa = PBXGroup;
			children = (
				D7CF237E2AD994D4007FDE79 /* Высотка.app */,
				D7CF23942AD994D7007FDE79 /* ВысоткаTests.xctest */,
				D7CF239E2AD994D7007FDE79 /* ВысоткаUITests.xctest */,
			);
			name = Products;
			sourceTree = "<group>";
		};
		D7CF23802AD994D4007FDE79 /* Высотка */ = {
			isa = PBXGroup;
			children = (
				D7CF23812AD994D4007FDE79 /* AppDelegate.swift */,
				D7CF23832AD994D4007FDE79 /* SceneDelegate.swift */,
				D7CF23852AD994D4007FDE79 /* ViewController.swift */,
				D7864C492B53F6AB00675744 /* Class.swift */,
				D7C811D52B515E58002D7CDD /* FirstVC.swift */,
				D7CF23872AD994D4007FDE79 /* Main.storyboard */,
				D7CF238A2AD994D7007FDE79 /* Assets.xcassets */,
				D7CF238C2AD994D7007FDE79 /* LaunchScreen.storyboard */,
				D7CF238F2AD994D7007FDE79 /* Info.plist */,
			);
			path = "Высотка";
			sourceTree = "<group>";
		};
		D7CF23972AD994D7007FDE79 /* ВысоткаTests */ = {
			isa = PBXGroup;
			children = (
				D7CF23982AD994D7007FDE79 /* _______Tests.swift */,
			);
			path = "ВысоткаTests";
			sourceTree = "<group>";
		};
		D7CF23A12AD994D7007FDE79 /* ВысоткаUITests */ = {
			isa = PBXGroup;
			children = (
				D7CF23A22AD994D7007FDE79 /* _______UITests.swift */,
				D7CF23A42AD994D7007FDE79 /* _______UITestsLaunchTests.swift */,
			);
			path = "ВысоткаUITests";
			sourceTree = "<group>";
		};
/* End PBXGroup section */

/* Begin PBXNativeTarget section */
		D7CF237D2AD994D4007FDE79 /* Высотка */ = {
			isa = PBXNativeTarget;
			buildConfigurationList = D7CF23A82AD994D7007FDE79 /* Build configuration list for PBXNativeTarget "Высотка" */;
			buildPhases = (
				D7CF237A2AD994D4007FDE79 /* Sources */,
				D7CF237B2AD994D4007FDE79 /* Frameworks */,
				D7CF237C2AD994D4007FDE79 /* Resources */,
			);
			buildRules = (
			);
			dependencies = (
			);
			name = "Высотка";
			packageProductDependencies = (
				D77B1C1A2B66885700D1FCAE /* SnapKit */,
			);
			productName = "Высотка";
			productReference = D7CF237E2AD994D4007FDE79 /* Высотка.app */;
			productType = "com.apple.product-type.application";
		};
		D7CF23932AD994D7007FDE79 /* ВысоткаTests */ = {
			isa = PBXNativeTarget;
			buildConfigurationList = D7CF23AB2AD994D7007FDE79 /* Build configuration list for PBXNativeTarget "ВысоткаTests" */;
			buildPhases = (
				D7CF23902AD994D7007FDE79 /* Sources */,
				D7CF23912AD994D7007FDE79 /* Frameworks */,
				D7CF23922AD994D7007FDE79 /* Resources */,
			);
			buildRules = (
			);
			dependencies = (
				D7CF23962AD994D7007FDE79 /* PBXTargetDependency */,
			);
			name = "ВысоткаTests";
			productName = "ВысоткаTests";
			productReference = D7CF23942AD994D7007FDE79 /* ВысоткаTests.xctest */;
			productType = "com.apple.product-type.bundle.unit-test";
		};
		D7CF239D2AD994D7007FDE79 /* ВысоткаUITests */ = {
			isa = PBXNativeTarget;
			buildConfigurationList = D7CF23AE2AD994D7007FDE79 /* Build configuration list for PBXNativeTarget "ВысоткаUITests" */;
			buildPhases = (
				D7CF239A2AD994D7007FDE79 /* Sources */,
				D7CF239B2AD994D7007FDE79 /* Frameworks */,
				D7CF239C2AD994D7007FDE79 /* Resources */,
			);
			buildRules = (
			);
			dependencies = (
				D7CF23A02AD994D7007FDE79 /* PBXTargetDependency */,
			);
			name = "ВысоткаUITests";
			productName = "ВысоткаUITests";
			productReference = D7CF239E2AD994D7007FDE79 /* ВысоткаUITests.xctest */;
			productType = "com.apple.product-type.bundle.ui-testing";
		};
/* End PBXNativeTarget section */

/* Begin PBXProject section */
		D7CF23762AD994D4007FDE79 /* Project object */ = {
			isa = PBXProject;
			attributes = {
				BuildIndependentTargetsInParallel = 1;
				LastSwiftUpdateCheck = 1430;
				LastUpgradeCheck = 1430;
				TargetAttributes = {
					D7CF237D2AD994D4007FDE79 = {
						CreatedOnToolsVersion = 14.3.1;
					};
					D7CF23932AD994D7007FDE79 = {
						CreatedOnToolsVersion = 14.3.1;
						TestTargetID = D7CF237D2AD994D4007FDE79;
					};
					D7CF239D2AD994D7007FDE79 = {
						CreatedOnToolsVersion = 14.3.1;
						TestTargetID = D7CF237D2AD994D4007FDE79;
					};
				};
			};
			buildConfigurationList = D7CF23792AD994D4007FDE79 /* Build configuration list for PBXProject "Высотка" */;
			compatibilityVersion = "Xcode 14.0";
			developmentRegion = en;
			hasScannedForEncodings = 0;
			knownRegions = (
				en,
				Base,
			);
			mainGroup = D7CF23752AD994D4007FDE79;
			packageReferences = (
				D77B1C192B66885600D1FCAE /* XCRemoteSwiftPackageReference "SnapKit" */,
			);
			productRefGroup = D7CF237F2AD994D4007FDE79 /* Products */;
			projectDirPath = "";
			projectRoot = "";
			targets = (
				D7CF237D2AD994D4007FDE79 /* Высотка */,
				D7CF23932AD994D7007FDE79 /* ВысоткаTests */,
				D7CF239D2AD994D7007FDE79 /* ВысоткаUITests */,
			);
		};
/* End PBXProject section */

/* Begin PBXResourcesBuildPhase section */
		D7CF237C2AD994D4007FDE79 /* Resources */ = {
			isa = PBXResourcesBuildPhase;
			buildActionMask = 2147483647;
			files = (
				D7CF238E2AD994D7007FDE79 /* LaunchScreen.storyboard in Resources */,
				D7CF238B2AD994D7007FDE79 /* Assets.xcassets in Resources */,
				D7CF23892AD994D4007FDE79 /* Main.storyboard in Resources */,
			);
			runOnlyForDeploymentPostprocessing = 0;
		};
		D7CF23922AD994D7007FDE79 /* Resources */ = {
			isa = PBXResourcesBuildPhase;
			buildActionMask = 2147483647;
			files = (
			);
			runOnlyForDeploymentPostprocessing = 0;
		};
		D7CF239C2AD994D7007FDE79 /* Resources */ = {
			isa = PBXResourcesBuildPhase;
			buildActionMask = 2147483647;
			files = (
			);
			runOnlyForDeploymentPostprocessing = 0;
		};
/* End PBXResourcesBuildPhase section */

/* Begin PBXSourcesBuildPhase section */
		D7CF237A2AD994D4007FDE79 /* Sources */ = {
			isa = PBXSourcesBuildPhase;
			buildActionMask = 2147483647;
			files = (
				D7864C4A2B53F6AB00675744 /* Class.swift in Sources */,
				D7CF23862AD994D4007FDE79 /* ViewController.swift in Sources */,
				D7C811D62B515E58002D7CDD /* FirstVC.swift in Sources */,
				D7CF23822AD994D4007FDE79 /* AppDelegate.swift in Sources */,
				D7CF23842AD994D4007FDE79 /* SceneDelegate.swift in Sources */,
			);
			runOnlyForDeploymentPostprocessing = 0;
		};
		D7CF23902AD994D7007FDE79 /* Sources */ = {
			isa = PBXSourcesBuildPhase;
			buildActionMask = 2147483647;
			files = (
				D7CF23992AD994D7007FDE79 /* _______Tests.swift in Sources */,
			);
			runOnlyForDeploymentPostprocessing = 0;
		};
		D7CF239A2AD994D7007FDE79 /* Sources */ = {
			isa = PBXSourcesBuildPhase;
			buildActionMask = 2147483647;
			files = (
				D7CF23A52AD994D7007FDE79 /* _______UITestsLaunchTests.swift in Sources */,
				D7CF23A32AD994D7007FDE79 /* _______UITests.swift in Sources */,
			);
			runOnlyForDeploymentPostprocessing = 0;
		};
/* End PBXSourcesBuildPhase section */

/* Begin PBXTargetDependency section */
		D7CF23962AD994D7007FDE79 /* PBXTargetDependency */ = {
			isa = PBXTargetDependency;
			target = D7CF237D2AD994D4007FDE79 /* Высотка */;
			targetProxy = D7CF23952AD994D7007FDE79 /* PBXContainerItemProxy */;
		};
		D7CF23A02AD994D7007FDE79 /* PBXTargetDependency */ = {
			isa = PBXTargetDependency;
			target = D7CF237D2AD994D4007FDE79 /* Высотка */;
			targetProxy = D7CF239F2AD994D7007FDE79 /* PBXContainerItemProxy */;
		};
/* End PBXTargetDependency section */

/* Begin PBXVariantGroup section */
		D7CF23872AD994D4007FDE79 /* Main.storyboard */ = {
			isa = PBXVariantGroup;
			children = (
				D7CF23882AD994D4007FDE79 /* Base */,
			);
			name = Main.storyboard;
			sourceTree = "<group>";
		};
		D7CF238C2AD994D7007FDE79 /* LaunchScreen.storyboard */ = {
			isa = PBXVariantGroup;
			children = (
				D7CF238D2AD994D7007FDE79 /* Base */,
			);
			name = LaunchScreen.storyboard;
			sourceTree = "<group>";
		};
/* End PBXVariantGroup section */

/* Begin XCBuildConfiguration section */
		D7CF23A62AD994D7007FDE79 /* Debug */ = {
			isa = XCBuildConfiguration;
			buildSettings = {
				ALWAYS_SEARCH_USER_PATHS = NO;
				CLANG_ANALYZER_NONNULL = YES;
				CLANG_ANALYZER_NUMBER_OBJECT_CONVERSION = YES_AGGRESSIVE;
				CLANG_CXX_LANGUAGE_STANDARD = "gnu++20";
				CLANG_ENABLE_MODULES = YES;
				CLANG_ENABLE_OBJC_ARC = YES;
				CLANG_ENABLE_OBJC_WEAK = YES;
				CLANG_WARN_BLOCK_CAPTURE_AUTORELEASING = YES;
				CLANG_WARN_BOOL_CONVERSION = YES;
				CLANG_WARN_COMMA = YES;
				CLANG_WARN_CONSTANT_CONVERSION = YES;
				CLANG_WARN_DEPRECATED_OBJC_IMPLEMENTATIONS = YES;
				CLANG_WARN_DIRECT_OBJC_ISA_USAGE = YES_ERROR;
				CLANG_WARN_DOCUMENTATION_COMMENTS = YES;
				CLANG_WARN_EMPTY_BODY = YES;
				CLANG_WARN_ENUM_CONVERSION = YES;
				CLANG_WARN_INFINITE_RECURSION = YES;
				CLANG_WARN_INT_CONVERSION = YES;
				CLANG_WARN_NON_LITERAL_NULL_CONVERSION = YES;
				CLANG_WARN_OBJC_IMPLICIT_RETAIN_SELF = YES;
				CLANG_WARN_OBJC_LITERAL_CONVERSION = YES;
				CLANG_WARN_OBJC_ROOT_CLASS = YES_ERROR;
				CLANG_WARN_QUOTED_INCLUDE_IN_FRAMEWORK_HEADER = YES;
				CLANG_WARN_RANGE_LOOP_ANALYSIS = YES;
				CLANG_WARN_STRICT_PROTOTYPES = YES;
				CLANG_WARN_SUSPICIOUS_MOVE = YES;
				CLANG_WARN_UNGUARDED_AVAILABILITY = YES_AGGRESSIVE;
				CLANG_WARN_UNREACHABLE_CODE = YES;
				CLANG_WARN__DUPLICATE_METHOD_MATCH = YES;
				COPY_PHASE_STRIP = NO;
				DEBUG_INFORMATION_FORMAT = dwarf;
				ENABLE_STRICT_OBJC_MSGSEND = YES;
				ENABLE_TESTABILITY = YES;
				GCC_C_LANGUAGE_STANDARD = gnu11;
				GCC_DYNAMIC_NO_PIC = NO;
				GCC_NO_COMMON_BLOCKS = YES;
				GCC_OPTIMIZATION_LEVEL = 0;
				GCC_PREPROCESSOR_DEFINITIONS = (
					"DEBUG=1",
					"$(inherited)",
				);
				GCC_WARN_64_TO_32_BIT_CONVERSION = YES;
				GCC_WARN_ABOUT_RETURN_TYPE = YES_ERROR;
				GCC_WARN_UNDECLARED_SELECTOR = YES;
				GCC_WARN_UNINITIALIZED_AUTOS = YES_AGGRESSIVE;
				GCC_WARN_UNUSED_FUNCTION = YES;
				GCC_WARN_UNUSED_VARIABLE = YES;
				IPHONEOS_DEPLOYMENT_TARGET = 16.4;
				MTL_ENABLE_DEBUG_INFO = INCLUDE_SOURCE;
				MTL_FAST_MATH = YES;
				ONLY_ACTIVE_ARCH = YES;
				SDKROOT = iphoneos;
				SWIFT_ACTIVE_COMPILATION_CONDITIONS = DEBUG;
				SWIFT_OPTIMIZATION_LEVEL = "-Onone";
			};
			name = Debug;
		};
		D7CF23A72AD994D7007FDE79 /* Release */ = {
			isa = XCBuildConfiguration;
			buildSettings = {
				ALWAYS_SEARCH_USER_PATHS = NO;
				CLANG_ANALYZER_NONNULL = YES;
				CLANG_ANALYZER_NUMBER_OBJECT_CONVERSION = YES_AGGRESSIVE;
				CLANG_CXX_LANGUAGE_STANDARD = "gnu++20";
				CLANG_ENABLE_MODULES = YES;
				CLANG_ENABLE_OBJC_ARC = YES;
				CLANG_ENABLE_OBJC_WEAK = YES;
				CLANG_WARN_BLOCK_CAPTURE_AUTORELEASING = YES;
				CLANG_WARN_BOOL_CONVERSION = YES;
				CLANG_WARN_COMMA = YES;
				CLANG_WARN_CONSTANT_CONVERSION = YES;
				CLANG_WARN_DEPRECATED_OBJC_IMPLEMENTATIONS = YES;
				CLANG_WARN_DIRECT_OBJC_ISA_USAGE = YES_ERROR;
				CLANG_WARN_DOCUMENTATION_COMMENTS = YES;
				CLANG_WARN_EMPTY_BODY = YES;
				CLANG_WARN_ENUM_CONVERSION = YES;
				CLANG_WARN_INFINITE_RECURSION = YES;
				CLANG_WARN_INT_CONVERSION = YES;
				CLANG_WARN_NON_LITERAL_NULL_CONVERSION = YES;
				CLANG_WARN_OBJC_IMPLICIT_RETAIN_SELF = YES;
				CLANG_WARN_OBJC_LITERAL_CONVERSION = YES;
				CLANG_WARN_OBJC_ROOT_CLASS = YES_ERROR;
				CLANG_WARN_QUOTED_INCLUDE_IN_FRAMEWORK_HEADER = YES;
				CLANG_WARN_RANGE_LOOP_ANALYSIS = YES;
				CLANG_WARN_STRICT_PROTOTYPES = YES;
				CLANG_WARN_SUSPICIOUS_MOVE = YES;
				CLANG_WARN_UNGUARDED_AVAILABILITY = YES_AGGRESSIVE;
				CLANG_WARN_UNREACHABLE_CODE = YES;
				CLANG_WARN__DUPLICATE_METHOD_MATCH = YES;
				COPY_PHASE_STRIP = NO;
				DEBUG_INFORMATION_FORMAT = "dwarf-with-dsym";
				ENABLE_NS_ASSERTIONS = NO;
				ENABLE_STRICT_OBJC_MSGSEND = YES;
				GCC_C_LANGUAGE_STANDARD = gnu11;
				GCC_NO_COMMON_BLOCKS = YES;
				GCC_WARN_64_TO_32_BIT_CONVERSION = YES;
				GCC_WARN_ABOUT_RETURN_TYPE = YES_ERROR;
				GCC_WARN_UNDECLARED_SELECTOR = YES;
				GCC_WARN_UNINITIALIZED_AUTOS = YES_AGGRESSIVE;
				GCC_WARN_UNUSED_FUNCTION = YES;
				GCC_WARN_UNUSED_VARIABLE = YES;
				IPHONEOS_DEPLOYMENT_TARGET = 16.4;
				MTL_ENABLE_DEBUG_INFO = NO;
				MTL_FAST_MATH = YES;
				SDKROOT = iphoneos;
				SWIFT_COMPILATION_MODE = wholemodule;
				SWIFT_OPTIMIZATION_LEVEL = "-O";
				VALIDATE_PRODUCT = YES;
			};
			name = Release;
		};
		D7CF23A92AD994D7007FDE79 /* Debug */ = {
			isa = XCBuildConfiguration;
			buildSettings = {
				ASSETCATALOG_COMPILER_APPICON_NAME = AppIcon;
				ASSETCATALOG_COMPILER_GLOBAL_ACCENT_COLOR_NAME = AccentColor;
				CODE_SIGN_STYLE = Automatic;
				CURRENT_PROJECT_VERSION = 1;
				DEVELOPMENT_TEAM = TX2TU96GUU;
				GENERATE_INFOPLIST_FILE = YES;
				INFOPLIST_FILE = "Высотка/Info.plist";
				INFOPLIST_KEY_UIApplicationSupportsIndirectInputEvents = YES;
				INFOPLIST_KEY_UILaunchStoryboardName = LaunchScreen;
				INFOPLIST_KEY_UIMainStoryboardFile = Main;
				INFOPLIST_KEY_UISupportedInterfaceOrientations_iPad = "UIInterfaceOrientationPortrait UIInterfaceOrientationPortraitUpsideDown UIInterfaceOrientationLandscapeLeft UIInterfaceOrientationLandscapeRight";
				INFOPLIST_KEY_UISupportedInterfaceOrientations_iPhone = "UIInterfaceOrientationPortrait UIInterfaceOrientationLandscapeLeft UIInterfaceOrientationLandscapeRight";
				IPHONEOS_DEPLOYMENT_TARGET = 14.0;
				LD_RUNPATH_SEARCH_PATHS = (
					"$(inherited)",
					"@executable_path/Frameworks",
				);
				MARKETING_VERSION = 1.0;
				PRODUCT_BUNDLE_IDENTIFIER = "lessons.-------";
				PRODUCT_NAME = "$(TARGET_NAME)";
				SWIFT_EMIT_LOC_STRINGS = YES;
				SWIFT_VERSION = 5.0;
				TARGETED_DEVICE_FAMILY = "1,2";
			};
			name = Debug;
		};
		D7CF23AA2AD994D7007FDE79 /* Release */ = {
			isa = XCBuildConfiguration;
			buildSettings = {
				ASSETCATALOG_COMPILER_APPICON_NAME = AppIcon;
				ASSETCATALOG_COMPILER_GLOBAL_ACCENT_COLOR_NAME = AccentColor;
				CODE_SIGN_STYLE = Automatic;
				CURRENT_PROJECT_VERSION = 1;
				DEVELOPMENT_TEAM = TX2TU96GUU;
				GENERATE_INFOPLIST_FILE = YES;
				INFOPLIST_FILE = "Высотка/Info.plist";
				INFOPLIST_KEY_UIApplicationSupportsIndirectInputEvents = YES;
				INFOPLIST_KEY_UILaunchStoryboardName = LaunchScreen;
				INFOPLIST_KEY_UIMainStoryboardFile = Main;
				INFOPLIST_KEY_UISupportedInterfaceOrientations_iPad = "UIInterfaceOrientationPortrait UIInterfaceOrientationPortraitUpsideDown UIInterfaceOrientationLandscapeLeft UIInterfaceOrientationLandscapeRight";
				INFOPLIST_KEY_UISupportedInterfaceOrientations_iPhone = "UIInterfaceOrientationPortrait UIInterfaceOrientationLandscapeLeft UIInterfaceOrientationLandscapeRight";
				IPHONEOS_DEPLOYMENT_TARGET = 14.0;
				LD_RUNPATH_SEARCH_PATHS = (
					"$(inherited)",
					"@executable_path/Frameworks",
				);
				MARKETING_VERSION = 1.0;
				PRODUCT_BUNDLE_IDENTIFIER = "lessons.-------";
				PRODUCT_NAME = "$(TARGET_NAME)";
				SWIFT_EMIT_LOC_STRINGS = YES;
				SWIFT_VERSION = 5.0;
				TARGETED_DEVICE_FAMILY = "1,2";
			};
			name = Release;
		};
		D7CF23AC2AD994D7007FDE79 /* Debug */ = {
			isa = XCBuildConfiguration;
			buildSettings = {
				ALWAYS_EMBED_SWIFT_STANDARD_LIBRARIES = YES;
				BUNDLE_LOADER = "$(TEST_HOST)";
				CODE_SIGN_STYLE = Automatic;
				CURRENT_PROJECT_VERSION = 1;
				DEVELOPMENT_TEAM = TX2TU96GUU;
				GENERATE_INFOPLIST_FILE = YES;
				IPHONEOS_DEPLOYMENT_TARGET = 16.4;
				MARKETING_VERSION = 1.0;
				PRODUCT_BUNDLE_IDENTIFIER = "lessons.-------Tests";
				PRODUCT_NAME = "$(TARGET_NAME)";
				SWIFT_EMIT_LOC_STRINGS = NO;
				SWIFT_VERSION = 5.0;
				TARGETED_DEVICE_FAMILY = "1,2";
				TEST_HOST = "$(BUILT_PRODUCTS_DIR)/Высотка.app/$(BUNDLE_EXECUTABLE_FOLDER_PATH)/Высотка";
			};
			name = Debug;
		};
		D7CF23AD2AD994D7007FDE79 /* Release */ = {
			isa = XCBuildConfiguration;
			buildSettings = {
				ALWAYS_EMBED_SWIFT_STANDARD_LIBRARIES = YES;
				BUNDLE_LOADER = "$(TEST_HOST)";
				CODE_SIGN_STYLE = Automatic;
				CURRENT_PROJECT_VERSION = 1;
				DEVELOPMENT_TEAM = TX2TU96GUU;
				GENERATE_INFOPLIST_FILE = YES;
				IPHONEOS_DEPLOYMENT_TARGET = 16.4;
				MARKETING_VERSION = 1.0;
				PRODUCT_BUNDLE_IDENTIFIER = "lessons.-------Tests";
				PRODUCT_NAME = "$(TARGET_NAME)";
				SWIFT_EMIT_LOC_STRINGS = NO;
				SWIFT_VERSION = 5.0;
				TARGETED_DEVICE_FAMILY = "1,2";
				TEST_HOST = "$(BUILT_PRODUCTS_DIR)/Высотка.app/$(BUNDLE_EXECUTABLE_FOLDER_PATH)/Высотка";
			};
			name = Release;
		};
		D7CF23AF2AD994D7007FDE79 /* Debug */ = {
			isa = XCBuildConfiguration;
			buildSettings = {
				ALWAYS_EMBED_SWIFT_STANDARD_LIBRARIES = YES;
				CODE_SIGN_STYLE = Automatic;
				CURRENT_PROJECT_VERSION = 1;
				DEVELOPMENT_TEAM = TX2TU96GUU;
				GENERATE_INFOPLIST_FILE = YES;
				MARKETING_VERSION = 1.0;
				PRODUCT_BUNDLE_IDENTIFIER = "lessons.-------UITests";
				PRODUCT_NAME = "$(TARGET_NAME)";
				SWIFT_EMIT_LOC_STRINGS = NO;
				SWIFT_VERSION = 5.0;
				TARGETED_DEVICE_FAMILY = "1,2";
				TEST_TARGET_NAME = "Высотка";
			};
			name = Debug;
		};
		D7CF23B02AD994D7007FDE79 /* Release */ = {
			isa = XCBuildConfiguration;
			buildSettings = {
				ALWAYS_EMBED_SWIFT_STANDARD_LIBRARIES = YES;
				CODE_SIGN_STYLE = Automatic;
				CURRENT_PROJECT_VERSION = 1;
				DEVELOPMENT_TEAM = TX2TU96GUU;
				GENERATE_INFOPLIST_FILE = YES;
				MARKETING_VERSION = 1.0;
				PRODUCT_BUNDLE_IDENTIFIER = "lessons.-------UITests";
				PRODUCT_NAME = "$(TARGET_NAME)";
				SWIFT_EMIT_LOC_STRINGS = NO;
				SWIFT_VERSION = 5.0;
				TARGETED_DEVICE_FAMILY = "1,2";
				TEST_TARGET_NAME = "Высотка";
			};
			name = Release;
		};
/* End XCBuildConfiguration section */

/* Begin XCConfigurationList section */
		D7CF23792AD994D4007FDE79 /* Build configuration list for PBXProject "Высотка" */ = {
			isa = XCConfigurationList;
			buildConfigurations = (
				D7CF23A62AD994D7007FDE79 /* Debug */,
				D7CF23A72AD994D7007FDE79 /* Release */,
			);
			defaultConfigurationIsVisible = 0;
			defaultConfigurationName = Release;
		};
		D7CF23A82AD994D7007FDE79 /* Build configuration list for PBXNativeTarget "Высотка" */ = {
			isa = XCConfigurationList;
			buildConfigurations = (
				D7CF23A92AD994D7007FDE79 /* Debug */,
				D7CF23AA2AD994D7007FDE79 /* Release */,
			);
			defaultConfigurationIsVisible = 0;
			defaultConfigurationName = Release;
		};
		D7CF23AB2AD994D7007FDE79 /* Build configuration list for PBXNativeTarget "ВысоткаTests" */ = {
			isa = XCConfigurationList;
			buildConfigurations = (
				D7CF23AC2AD994D7007FDE79 /* Debug */,
				D7CF23AD2AD994D7007FDE79 /* Release */,
			);
			defaultConfigurationIsVisible = 0;
			defaultConfigurationName = Release;
		};
		D7CF23AE2AD994D7007FDE79 /* Build configuration list for PBXNativeTarget "ВысоткаUITests" */ = {
			isa = XCConfigurationList;
			buildConfigurations = (
				D7CF23AF2AD994D7007FDE79 /* Debug */,
				D7CF23B02AD994D7007FDE79 /* Release */,
			);
			defaultConfigurationIsVisible = 0;
			defaultConfigurationName = Release;
		};
/* End XCConfigurationList section */

/* Begin XCRemoteSwiftPackageReference section */
		D77B1C192B66885600D1FCAE /* XCRemoteSwiftPackageReference "SnapKit" */ = {
			isa = XCRemoteSwiftPackageReference;
			repositoryURL = "https://github.com/SnapKit/SnapKit";
			requirement = {
				kind = upToNextMajorVersion;
				minimumVersion = 5.0.0;
			};
		};
/* End XCRemoteSwiftPackageReference section */

/* Begin XCSwiftPackageProductDependency section */
		D77B1C1A2B66885700D1FCAE /* SnapKit */ = {
			isa = XCSwiftPackageProductDependency;
			package = D77B1C192B66885600D1FCAE /* XCRemoteSwiftPackageReference "SnapKit" */;
			productName = SnapKit;
		};
/* End XCSwiftPackageProductDependency section */
	};
	rootObject = D7CF23762AD994D4007FDE79 /* Project object */;
}
